Microsoft Visual Studio Solution File, Format Version 12.00
# Visual Studio 2012
Project("{FAE04EC0-301F-11D3-BF4B-00C04F79EFBC}") = "GodotTestC#", "GodotTestC#.csproj", "{33C77646-9245-4F78-8357-3974CED00E53}"
EndProject
Global
	GlobalSection(SolutionConfigurationPlatforms) = preSolution
	Debug|Any CPU = Debug|Any CPU
	ExportDebug|Any CPU = ExportDebug|Any CPU
	ExportRelease|Any CPU = ExportRelease|Any CPU
	EndGlobalSection
	GlobalSection(ProjectConfigurationPlatforms) = postSolution
		{33C77646-9245-4F78-8357-3974CED00E53}.Debug|Any CPU.ActiveCfg = Debug|Any CPU
		{33C77646-9245-4F78-8357-3974CED00E53}.Debug|Any CPU.Build.0 = Debug|Any CPU
		{33C77646-9245-4F78-8357-3974CED00E53}.ExportDebug|Any CPU.ActiveCfg = ExportDebug|Any CPU
		{33C77646-9245-4F78-8357-3974CED00E53}.ExportDebug|Any CPU.Build.0 = ExportDebug|Any CPU
		{33C77646-9245-4F78-8357-3974CED00E53}.ExportRelease|Any CPU.ActiveCfg = ExportRelease|Any CPU
		{33C77646-9245-4F78-8357-3974CED00E53}.ExportRelease|Any CPU.Build.0 = ExportRelease|Any CPU
	EndGlobalSection
EndGlobal
